<?xml version="1.0" encoding="utf-8"?>
<Project ToolsVersion="4.0" xmlns="http://schemas.microsoft.com/developer/msbuild/2003">
  <ItemGroup>
    <ClCompile Include="main.cpp" />
    <ClCompile Include="screen.cpp">
      <Filter>screen</Filter>
    </ClCompile>
    <ClCompile Include="manger.cpp">
      <Filter>manger</Filter>
    </ClCompile>
    <ClCompile Include="vec3.cpp">
      <Filter>math</Filter>
    </ClCompile>
    <ClCompile Include="quaternion.cpp">
      <Filter>math</Filter>
    </ClCompile>
    <ClCompile Include="mat4x4.cpp">
      <Filter>math</Filter>
    </ClCompile>
    <ClCompile Include="entity.cpp">
      <Filter>entities</Filter>
    </ClCompile>
    <ClCompile Include="transform.cpp">
      <Filter>math</Filter>
    </ClCompile>
    <ClCompile Include="rendertools.cpp">
      <Filter>render</Filter>
    </ClCompile>
    <ClCompile Include="vertex.cpp">
      <Filter>mesh</Filter>
    </ClCompile>
    <ClCompile Include="mesh.cpp">
      <Filter>mesh</Filter>
    </ClCompile>
    <ClCompile Include="resouceloader.cpp">
      <Filter>manger</Filter>
    </ClCompile>
    <ClCompile Include="shader.cpp">
      <Filter>render</Filter>
    </ClCompile>
  </ItemGroup>
  <ItemGroup>
    <Filter Include="screen">
      <UniqueIdentifier>{67d1a563-2457-4ed7-b863-d9469d02323f}</UniqueIdentifier>
    </Filter>
    <Filter Include="manger">
      <UniqueIdentifier>{f5794d2a-8a56-466f-a726-577d35af9ecd}</UniqueIdentifier>
    </Filter>
    <Filter Include="math">
      <UniqueIdentifier>{bf733fdd-49a1-4d1a-afdf-6e00716e2226}</UniqueIdentifier>
    </Filter>
    <Filter Include="entities">
      <UniqueIdentifier>{6dafb65f-4a43-4ce4-b1fd-089b710e824e}</UniqueIdentifier>
    </Filter>
    <Filter Include="render">
      <UniqueIdentifier>{1bd7b247-4b05-4b70-ba4e-1a6f225832a0}</UniqueIdentifier>
    </Filter>
    <Filter Include="mesh">
      <UniqueIdentifier>{8838fa11-b7f1-455c-aa92-4950f0cb52f8}</UniqueIdentifier>
    </Filter>
    <Filter Include="programs">
      <UniqueIdentifier>{b68638af-581c-4072-a8ce-53ab7b25cbfc}</UniqueIdentifier>
    </Filter>
  </ItemGroup>
  <ItemGroup>
    <ClInclude Include="screen.h">
      <Filter>screen</Filter>
    </ClInclude>
    <ClInclude Include="manger.h">
      <Filter>manger</Filter>
    </ClInclude>
    <ClInclude Include="vec3.h">
      <Filter>math</Filter>
    </ClInclude>
    <ClInclude Include="defines.h" />
    <ClInclude Include="quaternion.h">
      <Filter>math</Filter>
    </ClInclude>
    <ClInclude Include="mat4x4.h">
      <Filter>math</Filter>
    </ClInclude>
    <ClInclude Include="entity.h">
      <Filter>entities</Filter>
    </ClInclude>
    <ClInclude Include="transform.h">
      <Filter>math</Filter>
    </ClInclude>
    <ClInclude Include="rendertools.h">
      <Filter>render</Filter>
    </ClInclude>
    <ClInclude Include="vertex.h">
      <Filter>mesh</Filter>
    </ClInclude>
    <ClInclude Include="mesh.h">
      <Filter>mesh</Filter>
    </ClInclude>
    <ClInclude Include="resouceloader.h">
      <Filter>manger</Filter>
    </ClInclude>
    <ClInclude Include="shader.h">
      <Filter>render</Filter>
    </ClInclude>
    <ClInclude Include="resource.h" />
  </ItemGroup>
  <ItemGroup>
    <ResourceCompile Include="GLReforge.rc" />
  </ItemGroup>
  <ItemGroup>
    <None Include="basicprogram.frag">
      <Filter>programs</Filter>
    </None>
    <None Include="basicprogram.vert">
      <Filter>programs</Filter>
    </None>
  </ItemGroup>
</Project>